
Microsoft Visual Studio Solution File, Format Version 12.00
# Visual Studio Version 16
VisualStudioVersion = 25.0.1703.1
MinimumVisualStudioVersion = 10.0.40219.1
Project("{FAE04EC0-301F-11D3-BF4B-00C04F79EFBC}") = "Week04Answers", "Week04Answers\Week04Answers.csproj", "{EEA63E90-3F2A-4200-86FD-346EEED06B19}"
EndProject
Global
	GlobalSection(SolutionConfigurationPlatforms) = preSolution
		Debug|Any CPU = Debug|Any CPU
		Release|Any CPU = Release|Any CPU
	EndGlobalSection
	GlobalSection(ProjectConfigurationPlatforms) = postSolution
		{EEA63E90-3F2A-4200-86FD-346EEED06B19}.Debug|Any CPU.ActiveCfg = Debug|Any CPU
		{EEA63E90-3F2A-4200-86FD-346EEED06B19}.Debug|Any CPU.Build.0 = Debug|Any CPU
		{EEA63E90-3F2A-4200-86FD-346EEED06B19}.Release|Any CPU.ActiveCfg = Release|Any CPU
		{EEA63E90-3F2A-4200-86FD-346EEED06B19}.Release|Any CPU.Build.0 = Release|Any CPU
	EndGlobalSection
	GlobalSection(SolutionProperties) = preSolution
		HideSolutionNode = FALSE
	EndGlobalSection
	GlobalSection(ExtensibilityGlobals) = postSolution
		SolutionGuid = {40C0F730-00C7-44C0-B986-C17E1E942282}
	EndGlobalSection
EndGlobal
